// !$*UTF8*$!
{
	archiveVersion = 1;
	classes = {
	};
	objectVersion = 56;
	objects = {

/* Begin PBXBuildFile section */
		4F3CFBD62C4525100099E442 /* BaseRequestApi.swift in Sources */ = {isa = PBXBuildFile; fileRef = 4F3CFBD52C4525100099E442 /* BaseRequestApi.swift */; };
		4F3CFBDA2C4528A00099E442 /* HistoryModel.swift in Sources */ = {isa = PBXBuildFile; fileRef = 4F3CFBD92C4528A00099E442 /* HistoryModel.swift */; };
		4F3CFBDC2C4528D90099E442 /* IDModel.swift in Sources */ = {isa = PBXBuildFile; fileRef = 4F3CFBDB2C4528D90099E442 /* IDModel.swift */; };
		4F3CFBDE2C4529080099E442 /* ImageRealm.swift in Sources */ = {isa = PBXBuildFile; fileRef = 4F3CFBDD2C4529080099E442 /* ImageRealm.swift */; };
		4F3CFBE02C4529390099E442 /* UtilModel.swift in Sources */ = {isa = PBXBuildFile; fileRef = 4F3CFBDF2C4529390099E442 /* UtilModel.swift */; };
		4F3CFBE22C4529620099E442 /* RcHistoryController.swift in Sources */ = {isa = PBXBuildFile; fileRef = 4F3CFBE12C4529620099E442 /* RcHistoryController.swift */; };
		4F3CFBE42C452AD00099E442 /* RcPostController.swift in Sources */ = {isa = PBXBuildFile; fileRef = 4F3CFBE32C452AD00099E442 /* RcPostController.swift */; };
		4F4934412C451686002047A7 /* RcApp_iOS_App.swift in Sources */ = {isa = PBXBuildFile; fileRef = 4F4934402C451686002047A7 /* RcApp_iOS_App.swift */; };
		4F4934432C451686002047A7 /* ContentView.swift in Sources */ = {isa = PBXBuildFile; fileRef = 4F4934422C451686002047A7 /* ContentView.swift */; };
		4F4934452C45168D002047A7 /* Assets.xcassets in Resources */ = {isa = PBXBuildFile; fileRef = 4F4934442C45168D002047A7 /* Assets.xcassets */; };
		4F4934482C45168D002047A7 /* Preview Assets.xcassets in Resources */ = {isa = PBXBuildFile; fileRef = 4F4934472C45168D002047A7 /* Preview Assets.xcassets */; };
		B4D5D60FDBB100E089C869AC /* Pods_RcApp_iOS_.framework in Frameworks */ = {isa = PBXBuildFile; fileRef = C505D915AAD0C3867A7561A7 /* Pods_RcApp_iOS_.framework */; };
/* End PBXBuildFile section */

/* Begin PBXFileReference section */
		1E7489A1A980F5ED49FF9858 /* Pods-RcApp(iOS).debug.xcconfig */ = {isa = PBXFileReference; includeInIndex = 1; lastKnownFileType = text.xcconfig; name = "Pods-RcApp(iOS).debug.xcconfig"; path = "Target Support Files/Pods-RcApp(iOS)/Pods-RcApp(iOS).debug.xcconfig"; sourceTree = "<group>"; };
		4F3CFBD52C4525100099E442 /* BaseRequestApi.swift */ = {isa = PBXFileReference; lastKnownFileType = sourcecode.swift; path = BaseRequestApi.swift; sourceTree = "<group>"; };
		4F3CFBD92C4528A00099E442 /* HistoryModel.swift */ = {isa = PBXFileReference; lastKnownFileType = sourcecode.swift; path = HistoryModel.swift; sourceTree = "<group>"; };
		4F3CFBDB2C4528D90099E442 /* IDModel.swift */ = {isa = PBXFileReference; lastKnownFileType = sourcecode.swift; path = IDModel.swift; sourceTree = "<group>"; };
		4F3CFBDD2C4529080099E442 /* ImageRealm.swift */ = {isa = PBXFileReference; lastKnownFileType = sourcecode.swift; path = ImageRealm.swift; sourceTree = "<group>"; };
		4F3CFBDF2C4529390099E442 /* UtilModel.swift */ = {isa = PBXFileReference; lastKnownFileType = sourcecode.swift; path = UtilModel.swift; sourceTree = "<group>"; };
		4F3CFBE12C4529620099E442 /* RcHistoryController.swift */ = {isa = PBXFileReference; lastKnownFileType = sourcecode.swift; path = RcHistoryController.swift; sourceTree = "<group>"; };
		4F3CFBE32C452AD00099E442 /* RcPostController.swift */ = {isa = PBXFileReference; lastKnownFileType = sourcecode.swift; path = RcPostController.swift; sourceTree = "<group>"; };
		4F49343D2C451686002047A7 /* RcApp(iOS).app */ = {isa = PBXFileReference; explicitFileType = wrapper.application; includeInIndex = 0; path = "RcApp(iOS).app"; sourceTree = BUILT_PRODUCTS_DIR; };
		4F4934402C451686002047A7 /* RcApp_iOS_App.swift */ = {isa = PBXFileReference; lastKnownFileType = sourcecode.swift; path = RcApp_iOS_App.swift; sourceTree = "<group>"; };
		4F4934422C451686002047A7 /* ContentView.swift */ = {isa = PBXFileReference; lastKnownFileType = sourcecode.swift; path = ContentView.swift; sourceTree = "<group>"; };
		4F4934442C45168D002047A7 /* Assets.xcassets */ = {isa = PBXFileReference; lastKnownFileType = folder.assetcatalog; path = Assets.xcassets; sourceTree = "<group>"; };
		4F4934472C45168D002047A7 /* Preview Assets.xcassets */ = {isa = PBXFileReference; lastKnownFileType = folder.assetcatalog; path = "Preview Assets.xcassets"; sourceTree = "<group>"; };
		5FC9A4E013B7F86F55DAAE6B /* Pods-RcApp(iOS).release.xcconfig */ = {isa = PBXFileReference; includeInIndex = 1; lastKnownFileType = text.xcconfig; name = "Pods-RcApp(iOS).release.xcconfig"; path = "Target Support Files/Pods-RcApp(iOS)/Pods-RcApp(iOS).release.xcconfig"; sourceTree = "<group>"; };
		C505D915AAD0C3867A7561A7 /* Pods_RcApp_iOS_.framework */ = {isa = PBXFileReference; explicitFileType = wrapper.framework; includeInIndex = 0; path = Pods_RcApp_iOS_.framework; sourceTree = BUILT_PRODUCTS_DIR; };
/* End PBXFileReference section */

/* Begin PBXFrameworksBuildPhase section */
		4F49343A2C451686002047A7 /* Frameworks */ = {
			isa = PBXFrameworksBuildPhase;
			buildActionMask = 2147483647;
			files = (
				B4D5D60FDBB100E089C869AC /* Pods_RcApp_iOS_.framework in Frameworks */,
			);
			runOnlyForDeploymentPostprocessing = 0;
		};
/* End PBXFrameworksBuildPhase section */

/* Begin PBXGroup section */
		4F3CFBD42C4524EB0099E442 /* Model */ = {
			isa = PBXGroup;
			children = (
				4F3CFBD52C4525100099E442 /* BaseRequestApi.swift */,
				4F3CFBD92C4528A00099E442 /* HistoryModel.swift */,
				4F3CFBDB2C4528D90099E442 /* IDModel.swift */,
				4F3CFBDD2C4529080099E442 /* ImageRealm.swift */,
				4F3CFBDF2C4529390099E442 /* UtilModel.swift */,
			);
			name = Model;
			sourceTree = "<group>";
		};
		4F3CFBD72C4528470099E442 /* View */ = {
			isa = PBXGroup;
			children = (
				4F4934422C451686002047A7 /* ContentView.swift */,
			);
			name = View;
			sourceTree = "<group>";
		};
		4F3CFBD82C4528500099E442 /* Controller */ = {
			isa = PBXGroup;
			children = (
				4F3CFBE12C4529620099E442 /* RcHistoryController.swift */,
				4F3CFBE32C452AD00099E442 /* RcPostController.swift */,
			);
			path = Controller;
			sourceTree = "<group>";
		};
		4F4934342C451686002047A7 = {
			isa = PBXGroup;
			children = (
				4F49343F2C451686002047A7 /* RcApp(iOS) */,
				4F49343E2C451686002047A7 /* Products */,
				D7DB7E79E5C4EE129D813AC6 /* Pods */,
				813BA864FF0B15AE67D516CF /* Frameworks */,
			);
			sourceTree = "<group>";
		};
		4F49343E2C451686002047A7 /* Products */ = {
			isa = PBXGroup;
			children = (
				4F49343D2C451686002047A7 /* RcApp(iOS).app */,
			);
			name = Products;
			sourceTree = "<group>";
		};
		4F49343F2C451686002047A7 /* RcApp(iOS) */ = {
			isa = PBXGroup;
			children = (
				4F3CFBD82C4528500099E442 /* Controller */,
				4F3CFBD72C4528470099E442 /* View */,
				4F3CFBD42C4524EB0099E442 /* Model */,
				4F4934402C451686002047A7 /* RcApp_iOS_App.swift */,
				4F4934442C45168D002047A7 /* Assets.xcassets */,
				4F4934462C45168D002047A7 /* Preview Content */,
			);
			path = "RcApp(iOS)";
			sourceTree = "<group>";
		};
		4F4934462C45168D002047A7 /* Preview Content */ = {
			isa = PBXGroup;
			children = (
				4F4934472C45168D002047A7 /* Preview Assets.xcassets */,
			);
			path = "Preview Content";
			sourceTree = "<group>";
		};
		813BA864FF0B15AE67D516CF /* Frameworks */ = {
			isa = PBXGroup;
			children = (
				C505D915AAD0C3867A7561A7 /* Pods_RcApp_iOS_.framework */,
			);
			name = Frameworks;
			sourceTree = "<group>";
		};
		D7DB7E79E5C4EE129D813AC6 /* Pods */ = {
			isa = PBXGroup;
			children = (
				1E7489A1A980F5ED49FF9858 /* Pods-RcApp(iOS).debug.xcconfig */,
				5FC9A4E013B7F86F55DAAE6B /* Pods-RcApp(iOS).release.xcconfig */,
			);
			path = Pods;
			sourceTree = "<group>";
		};
/* End PBXGroup section */

/* Begin PBXNativeTarget section */
		4F49343C2C451686002047A7 /* RcApp(iOS) */ = {
			isa = PBXNativeTarget;
			buildConfigurationList = 4F49344B2C45168D002047A7 /* Build configuration list for PBXNativeTarget "RcApp(iOS)" */;
			buildPhases = (
				E76698088B752C26D7FF63FC /* [CP] Check Pods Manifest.lock */,
				4F4934392C451686002047A7 /* Sources */,
				4F49343A2C451686002047A7 /* Frameworks */,
				4F49343B2C451686002047A7 /* Resources */,
				5E7B654BAC035B4A4B1C4945 /* [CP] Embed Pods Frameworks */,
			);
			buildRules = (
			);
			dependencies = (
			);
			name = "RcApp(iOS)";
			productName = "RcApp(iOS)";
			productReference = 4F49343D2C451686002047A7 /* RcApp(iOS).app */;
			productType = "com.apple.product-type.application";
		};
/* End PBXNativeTarget section */

/* Begin PBXProject section */
		4F4934352C451686002047A7 /* Project object */ = {
			isa = PBXProject;
			attributes = {
				BuildIndependentTargetsInParallel = 1;
				LastSwiftUpdateCheck = 1540;
				LastUpgradeCheck = 1540;
				TargetAttributes = {
					4F49343C2C451686002047A7 = {
						CreatedOnToolsVersion = 15.4;
					};
				};
			};
			buildConfigurationList = 4F4934382C451686002047A7 /* Build configuration list for PBXProject "RcApp(iOS)" */;
			compatibilityVersion = "Xcode 14.0";
			developmentRegion = en;
			hasScannedForEncodings = 0;
			knownRegions = (
				en,
				Base,
			);
			mainGroup = 4F4934342C451686002047A7;
			productRefGroup = 4F49343E2C451686002047A7 /* Products */;
			projectDirPath = "";
			projectRoot = "";
			targets = (
				4F49343C2C451686002047A7 /* RcApp(iOS) */,
			);
		};
/* End PBXProject section */

/* Begin PBXResourcesBuildPhase section */
		4F49343B2C451686002047A7 /* Resources */ = {
			isa = PBXResourcesBuildPhase;
			buildActionMask = 2147483647;
			files = (
				4F4934482C45168D002047A7 /* Preview Assets.xcassets in Resources */,
				4F4934452C45168D002047A7 /* Assets.xcassets in Resources */,
			);
			runOnlyForDeploymentPostprocessing = 0;
		};
/* End PBXResourcesBuildPhase section */

/* Begin PBXShellScriptBuildPhase section */
		5E7B654BAC035B4A4B1C4945 /* [CP] Embed Pods Frameworks */ = {
			isa = PBXShellScriptBuildPhase;
			buildActionMask = 2147483647;
			files = (
			);
			inputFileListPaths = (
				"${PODS_ROOT}/Target Support Files/Pods-RcApp(iOS)/Pods-RcApp(iOS)-frameworks-${CONFIGURATION}-input-files.xcfilelist",
			);
			name = "[CP] Embed Pods Frameworks";
			outputFileListPaths = (
				"${PODS_ROOT}/Target Support Files/Pods-RcApp(iOS)/Pods-RcApp(iOS)-frameworks-${CONFIGURATION}-output-files.xcfilelist",
			);
			runOnlyForDeploymentPostprocessing = 0;
			shellPath = /bin/sh;
			shellScript = "\"${PODS_ROOT}/Target Support Files/Pods-RcApp(iOS)/Pods-RcApp(iOS)-frameworks.sh\"\n";
			showEnvVarsInLog = 0;
		};
		E76698088B752C26D7FF63FC /* [CP] Check Pods Manifest.lock */ = {
			isa = PBXShellScriptBuildPhase;
			buildActionMask = 2147483647;
			files = (
			);
			inputFileListPaths = (
			);
			inputPaths = (
				"${PODS_PODFILE_DIR_PATH}/Podfile.lock",
				"${PODS_ROOT}/Manifest.lock",
			);
			name = "[CP] Check Pods Manifest.lock";
			outputFileListPaths = (
			);
			outputPaths = (
				"$(DERIVED_FILE_DIR)/Pods-RcApp(iOS)-checkManifestLockResult.txt",
			);
			runOnlyForDeploymentPostprocessing = 0;
			shellPath = /bin/sh;
			shellScript = "diff \"${PODS_PODFILE_DIR_PATH}/Podfile.lock\" \"${PODS_ROOT}/Manifest.lock\" > /dev/null\nif [ $? != 0 ] ; then\n    # print error to STDERR\n    echo \"error: The sandbox is not in sync with the Podfile.lock. Run 'pod install' or update your CocoaPods installation.\" >&2\n    exit 1\nfi\n# This output is used by Xcode 'outputs' to avoid re-running this script phase.\necho \"SUCCESS\" > \"${SCRIPT_OUTPUT_FILE_0}\"\n";
			showEnvVarsInLog = 0;
		};
/* End PBXShellScriptBuildPhase section */

/* Begin PBXSourcesBuildPhase section */
		4F4934392C451686002047A7 /* Sources */ = {
			isa = PBXSourcesBuildPhase;
			buildActionMask = 2147483647;
			files = (
				4F3CFBE22C4529620099E442 /* RcHistoryController.swift in Sources */,
				4F3CFBDA2C4528A00099E442 /* HistoryModel.swift in Sources */,
				4F4934432C451686002047A7 /* ContentView.swift in Sources */,
				4F3CFBDC2C4528D90099E442 /* IDModel.swift in Sources */,
				4F4934412C451686002047A7 /* RcApp_iOS_App.swift in Sources */,
				4F3CFBD62C4525100099E442 /* BaseRequestApi.swift in Sources */,
				4F3CFBE42C452AD00099E442 /* RcPostController.swift in Sources */,
				4F3CFBDE2C4529080099E442 /* ImageRealm.swift in Sources */,
				4F3CFBE02C4529390099E442 /* UtilModel.swift in Sources */,
			);
			runOnlyForDeploymentPostprocessing = 0;
		};
/* End PBXSourcesBuildPhase section */

/* Begin XCBuildConfiguration section */
		4F4934492C45168D002047A7 /* Debug */ = {
			isa = XCBuildConfiguration;
			buildSettings = {
				ALWAYS_SEARCH_USER_PATHS = NO;
				ASSETCATALOG_COMPILER_GENERATE_SWIFT_ASSET_SYMBOL_EXTENSIONS = YES;
				CLANG_ANALYZER_NONNULL = YES;
				CLANG_ANALYZER_NUMBER_OBJECT_CONVERSION = YES_AGGRESSIVE;
				CLANG_CXX_LANGUAGE_STANDARD = "gnu++20";
				CLANG_ENABLE_MODULES = YES;
				CLANG_ENABLE_OBJC_ARC = YES;
				CLANG_ENABLE_OBJC_WEAK = YES;
				CLANG_WARN_BLOCK_CAPTURE_AUTORELEASING = YES;
				CLANG_WARN_BOOL_CONVERSION = YES;
				CLANG_WARN_COMMA = YES;
				CLANG_WARN_CONSTANT_CONVERSION = YES;
				CLANG_WARN_DEPRECATED_OBJC_IMPLEMENTATIONS = YES;
				CLANG_WARN_DIRECT_OBJC_ISA_USAGE = YES_ERROR;
				CLANG_WARN_DOCUMENTATION_COMMENTS = YES;
				CLANG_WARN_EMPTY_BODY = YES;
				CLANG_WARN_ENUM_CONVERSION = YES;
				CLANG_WARN_INFINITE_RECURSION = YES;
				CLANG_WARN_INT_CONVERSION = YES;
				CLANG_WARN_NON_LITERAL_NULL_CONVERSION = YES;
				CLANG_WARN_OBJC_IMPLICIT_RETAIN_SELF = YES;
				CLANG_WARN_OBJC_LITERAL_CONVERSION = YES;
				CLANG_WARN_OBJC_ROOT_CLASS = YES_ERROR;
				CLANG_WARN_QUOTED_INCLUDE_IN_FRAMEWORK_HEADER = YES;
				CLANG_WARN_RANGE_LOOP_ANALYSIS = YES;
				CLANG_WARN_STRICT_PROTOTYPES = YES;
				CLANG_WARN_SUSPICIOUS_MOVE = YES;
				CLANG_WARN_UNGUARDED_AVAILABILITY = YES_AGGRESSIVE;
				CLANG_WARN_UNREACHABLE_CODE = YES;
				CLANG_WARN__DUPLICATE_METHOD_MATCH = YES;
				COPY_PHASE_STRIP = NO;
				DEBUG_INFORMATION_FORMAT = dwarf;
				ENABLE_STRICT_OBJC_MSGSEND = YES;
				ENABLE_TESTABILITY = YES;
				ENABLE_USER_SCRIPT_SANDBOXING = YES;
				GCC_C_LANGUAGE_STANDARD = gnu17;
				GCC_DYNAMIC_NO_PIC = NO;
				GCC_NO_COMMON_BLOCKS = YES;
				GCC_OPTIMIZATION_LEVEL = 0;
				GCC_PREPROCESSOR_DEFINITIONS = (
					"DEBUG=1",
					"$(inherited)",
				);
				GCC_WARN_64_TO_32_BIT_CONVERSION = YES;
				GCC_WARN_ABOUT_RETURN_TYPE = YES_ERROR;
				GCC_WARN_UNDECLARED_SELECTOR = YES;
				GCC_WARN_UNINITIALIZED_AUTOS = YES_AGGRESSIVE;
				GCC_WARN_UNUSED_FUNCTION = YES;
				GCC_WARN_UNUSED_VARIABLE = YES;
				IPHONEOS_DEPLOYMENT_TARGET = 17.5;
				LOCALIZATION_PREFERS_STRING_CATALOGS = YES;
				MTL_ENABLE_DEBUG_INFO = INCLUDE_SOURCE;
				MTL_FAST_MATH = YES;
				ONLY_ACTIVE_ARCH = YES;
				SDKROOT = iphoneos;
				SWIFT_ACTIVE_COMPILATION_CONDITIONS = "DEBUG $(inherited)";
				SWIFT_OPTIMIZATION_LEVEL = "-Onone";
			};
			name = Debug;
		};
		4F49344A2C45168D002047A7 /* Release */ = {
			isa = XCBuildConfiguration;
			buildSettings = {
				ALWAYS_SEARCH_USER_PATHS = NO;
				ASSETCATALOG_COMPILER_GENERATE_SWIFT_ASSET_SYMBOL_EXTENSIONS = YES;
				CLANG_ANALYZER_NONNULL = YES;
				CLANG_ANALYZER_NUMBER_OBJECT_CONVERSION = YES_AGGRESSIVE;
				CLANG_CXX_LANGUAGE_STANDARD = "gnu++20";
				CLANG_ENABLE_MODULES = YES;
				CLANG_ENABLE_OBJC_ARC = YES;
				CLANG_ENABLE_OBJC_WEAK = YES;
				CLANG_WARN_BLOCK_CAPTURE_AUTORELEASING = YES;
				CLANG_WARN_BOOL_CONVERSION = YES;
				CLANG_WARN_COMMA = YES;
				CLANG_WARN_CONSTANT_CONVERSION = YES;
				CLANG_WARN_DEPRECATED_OBJC_IMPLEMENTATIONS = YES;
				CLANG_WARN_DIRECT_OBJC_ISA_USAGE = YES_ERROR;
				CLANG_WARN_DOCUMENTATION_COMMENTS = YES;
				CLANG_WARN_EMPTY_BODY = YES;
				CLANG_WARN_ENUM_CONVERSION = YES;
				CLANG_WARN_INFINITE_RECURSION = YES;
				CLANG_WARN_INT_CONVERSION = YES;
				CLANG_WARN_NON_LITERAL_NULL_CONVERSION = YES;
				CLANG_WARN_OBJC_IMPLICIT_RETAIN_SELF = YES;
				CLANG_WARN_OBJC_LITERAL_CONVERSION = YES;
				CLANG_WARN_OBJC_ROOT_CLASS = YES_ERROR;
				CLANG_WARN_QUOTED_INCLUDE_IN_FRAMEWORK_HEADER = YES;
				CLANG_WARN_RANGE_LOOP_ANALYSIS = YES;
				CLANG_WARN_STRICT_PROTOTYPES = YES;
				CLANG_WARN_SUSPICIOUS_MOVE = YES;
				CLANG_WARN_UNGUARDED_AVAILABILITY = YES_AGGRESSIVE;
				CLANG_WARN_UNREACHABLE_CODE = YES;
				CLANG_WARN__DUPLICATE_METHOD_MATCH = YES;
				COPY_PHASE_STRIP = NO;
				DEBUG_INFORMATION_FORMAT = "dwarf-with-dsym";
				ENABLE_NS_ASSERTIONS = NO;
				ENABLE_STRICT_OBJC_MSGSEND = YES;
				ENABLE_USER_SCRIPT_SANDBOXING = YES;
				GCC_C_LANGUAGE_STANDARD = gnu17;
				GCC_NO_COMMON_BLOCKS = YES;
				GCC_WARN_64_TO_32_BIT_CONVERSION = YES;
				GCC_WARN_ABOUT_RETURN_TYPE = YES_ERROR;
				GCC_WARN_UNDECLARED_SELECTOR = YES;
				GCC_WARN_UNINITIALIZED_AUTOS = YES_AGGRESSIVE;
				GCC_WARN_UNUSED_FUNCTION = YES;
				GCC_WARN_UNUSED_VARIABLE = YES;
				IPHONEOS_DEPLOYMENT_TARGET = 17.5;
				LOCALIZATION_PREFERS_STRING_CATALOGS = YES;
				MTL_ENABLE_DEBUG_INFO = NO;
				MTL_FAST_MATH = YES;
				SDKROOT = iphoneos;
				SWIFT_COMPILATION_MODE = wholemodule;
				VALIDATE_PRODUCT = YES;
			};
			name = Release;
		};
		4F49344C2C45168D002047A7 /* Debug */ = {
			isa = XCBuildConfiguration;
			baseConfigurationReference = 1E7489A1A980F5ED49FF9858 /* Pods-RcApp(iOS).debug.xcconfig */;
			buildSettings = {
				ASSETCATALOG_COMPILER_APPICON_NAME = AppIcon;
				ASSETCATALOG_COMPILER_GLOBAL_ACCENT_COLOR_NAME = AccentColor;
				CODE_SIGN_STYLE = Automatic;
				CURRENT_PROJECT_VERSION = 1;
				DEVELOPMENT_ASSET_PATHS = "\"RcApp(iOS)/Preview Content\"";
				DEVELOPMENT_TEAM = MG6697FX3H;
				ENABLE_PREVIEWS = YES;
				ENABLE_USER_SCRIPT_SANDBOXING = NO;
				GENERATE_INFOPLIST_FILE = YES;
				INFOPLIST_KEY_UIApplicationSceneManifest_Generation = YES;
				INFOPLIST_KEY_UIApplicationSupportsIndirectInputEvents = YES;
				INFOPLIST_KEY_UILaunchScreen_Generation = YES;
				INFOPLIST_KEY_UISupportedInterfaceOrientations_iPad = "UIInterfaceOrientationPortrait UIInterfaceOrientationPortraitUpsideDown UIInterfaceOrientationLandscapeLeft UIInterfaceOrientationLandscapeRight";
				INFOPLIST_KEY_UISupportedInterfaceOrientations_iPhone = "UIInterfaceOrientationPortrait UIInterfaceOrientationLandscapeLeft UIInterfaceOrientationLandscapeRight";
				LD_RUNPATH_SEARCH_PATHS = (
					"$(inherited)",
					"@executable_path/Frameworks",
				);
				MARKETING_VERSION = 1.0;
				PRODUCT_BUNDLE_IDENTIFIER = "ta6339.RcApp-iOS-";
				PRODUCT_NAME = "$(TARGET_NAME)";
				SWIFT_EMIT_LOC_STRINGS = YES;
				SWIFT_VERSION = 5.0;
				TARGETED_DEVICE_FAMILY = "1,2";
			};
			name = Debug;
		};
		4F49344D2C45168D002047A7 /* Release */ = {
			isa = XCBuildConfiguration;
			baseConfigurationReference = 5FC9A4E013B7F86F55DAAE6B /* Pods-RcApp(iOS).release.xcconfig */;
			buildSettings = {
				ASSETCATALOG_COMPILER_APPICON_NAME = AppIcon;
				ASSETCATALOG_COMPILER_GLOBAL_ACCENT_COLOR_NAME = AccentColor;
				CODE_SIGN_STYLE = Automatic;
				CURRENT_PROJECT_VERSION = 1;
				DEVELOPMENT_ASSET_PATHS = "\"RcApp(iOS)/Preview Content\"";
				DEVELOPMENT_TEAM = MG6697FX3H;
				ENABLE_PREVIEWS = YES;
				ENABLE_USER_SCRIPT_SANDBOXING = NO;
				GENERATE_INFOPLIST_FILE = YES;
				INFOPLIST_KEY_UIApplicationSceneManifest_Generation = YES;
				INFOPLIST_KEY_UIApplicationSupportsIndirectInputEvents = YES;
				INFOPLIST_KEY_UILaunchScreen_Generation = YES;
				INFOPLIST_KEY_UISupportedInterfaceOrientations_iPad = "UIInterfaceOrientationPortrait UIInterfaceOrientationPortraitUpsideDown UIInterfaceOrientationLandscapeLeft UIInterfaceOrientationLandscapeRight";
				INFOPLIST_KEY_UISupportedInterfaceOrientations_iPhone = "UIInterfaceOrientationPortrait UIInterfaceOrientationLandscapeLeft UIInterfaceOrientationLandscapeRight";
				LD_RUNPATH_SEARCH_PATHS = (
					"$(inherited)",
					"@executable_path/Frameworks",
				);
				MARKETING_VERSION = 1.0;
				PRODUCT_BUNDLE_IDENTIFIER = "ta6339.RcApp-iOS-";
				PRODUCT_NAME = "$(TARGET_NAME)";
				SWIFT_EMIT_LOC_STRINGS = YES;
				SWIFT_VERSION = 5.0;
				TARGETED_DEVICE_FAMILY = "1,2";
			};
			name = Release;
		};
/* End XCBuildConfiguration section */

/* Begin XCConfigurationList section */
		4F4934382C451686002047A7 /* Build configuration list for PBXProject "RcApp(iOS)" */ = {
			isa = XCConfigurationList;
			buildConfigurations = (
				4F4934492C45168D002047A7 /* Debug */,
				4F49344A2C45168D002047A7 /* Release */,
			);
			defaultConfigurationIsVisible = 0;
			defaultConfigurationName = Release;
		};
		4F49344B2C45168D002047A7 /* Build configuration list for PBXNativeTarget "RcApp(iOS)" */ = {
			isa = XCConfigurationList;
			buildConfigurations = (
				4F49344C2C45168D002047A7 /* Debug */,
				4F49344D2C45168D002047A7 /* Release */,
			);
			defaultConfigurationIsVisible = 0;
			defaultConfigurationName = Release;
		};
/* End XCConfigurationList section */
	};
	rootObject = 4F4934352C451686002047A7 /* Project object */;
}
